
Microsoft Visual Studio Solution File, Format Version 12.00
# Visual Studio Version 17
VisualStudioVersion = 17.3.32929.385
MinimumVisualStudioVersion = 10.0.40219.1
Project("{2150E333-8FDC-42A3-9474-1A3956D46DE8}") = "Solution Items", "Solution Items", "{B87791ED-EC1F-48A5-915D-83609E452BA5}"
	ProjectSection(SolutionItems) = preProject
		README.md = README.md
	EndProjectSection
EndProject
Project("{9A19103F-16F7-4668-BE54-9A1E7A4F7556}") = "DataLayer", "DataLayer\DataLayer.csproj", "{0987DE88-7041-4DAB-895E-86ADA9BFCFE9}"
EndProject
Project("{9A19103F-16F7-4668-BE54-9A1E7A4F7556}") = "DataLayerTest", "DataLayerTest\DataLayerTest.csproj", "{B897560B-E27F-48D8-8232-C10E8F9D45DE}"
EndProject
Project("{9A19103F-16F7-4668-BE54-9A1E7A4F7556}") = "LogicLayer", "LogicLayer\LogicLayer.csproj", "{EA7D52A6-2293-4A3F-9DB6-6A4FD7A94C49}"
EndProject
Project("{9A19103F-16F7-4668-BE54-9A1E7A4F7556}") = "LogicLayerTest", "LogicLayerTest\LogicLayerTest.csproj", "{071FA380-F383-4F9C-B256-28EF617C392A}"
EndProject
Project("{FAE04EC0-301F-11D3-BF4B-00C04F79EFBC}") = "PresentationLayer", "PresentationLayer\PresentationLayer.csproj", "{217D4FBF-43C3-4D22-99C8-1EBCD56B492D}"
EndProject
Global
	GlobalSection(SolutionConfigurationPlatforms) = preSolution
		Debug|Any CPU = Debug|Any CPU
		Release|Any CPU = Release|Any CPU
	EndGlobalSection
	GlobalSection(ProjectConfigurationPlatforms) = postSolution
		{0987DE88-7041-4DAB-895E-86ADA9BFCFE9}.Debug|Any CPU.ActiveCfg = Debug|Any CPU
		{0987DE88-7041-4DAB-895E-86ADA9BFCFE9}.Debug|Any CPU.Build.0 = Debug|Any CPU
		{0987DE88-7041-4DAB-895E-86ADA9BFCFE9}.Release|Any CPU.ActiveCfg = Release|Any CPU
		{0987DE88-7041-4DAB-895E-86ADA9BFCFE9}.Release|Any CPU.Build.0 = Release|Any CPU
		{B897560B-E27F-48D8-8232-C10E8F9D45DE}.Debug|Any CPU.ActiveCfg = Debug|Any CPU
		{B897560B-E27F-48D8-8232-C10E8F9D45DE}.Debug|Any CPU.Build.0 = Debug|Any CPU
		{B897560B-E27F-48D8-8232-C10E8F9D45DE}.Release|Any CPU.ActiveCfg = Release|Any CPU
		{B897560B-E27F-48D8-8232-C10E8F9D45DE}.Release|Any CPU.Build.0 = Release|Any CPU
		{EA7D52A6-2293-4A3F-9DB6-6A4FD7A94C49}.Debug|Any CPU.ActiveCfg = Debug|Any CPU
		{EA7D52A6-2293-4A3F-9DB6-6A4FD7A94C49}.Debug|Any CPU.Build.0 = Debug|Any CPU
		{EA7D52A6-2293-4A3F-9DB6-6A4FD7A94C49}.Release|Any CPU.ActiveCfg = Release|Any CPU
		{EA7D52A6-2293-4A3F-9DB6-6A4FD7A94C49}.Release|Any CPU.Build.0 = Release|Any CPU
		{071FA380-F383-4F9C-B256-28EF617C392A}.Debug|Any CPU.ActiveCfg = Debug|Any CPU
		{071FA380-F383-4F9C-B256-28EF617C392A}.Debug|Any CPU.Build.0 = Debug|Any CPU
		{071FA380-F383-4F9C-B256-28EF617C392A}.Release|Any CPU.ActiveCfg = Release|Any CPU
		{071FA380-F383-4F9C-B256-28EF617C392A}.Release|Any CPU.Build.0 = Release|Any CPU
		{217D4FBF-43C3-4D22-99C8-1EBCD56B492D}.Debug|Any CPU.ActiveCfg = Debug|Any CPU
		{217D4FBF-43C3-4D22-99C8-1EBCD56B492D}.Debug|Any CPU.Build.0 = Debug|Any CPU
		{217D4FBF-43C3-4D22-99C8-1EBCD56B492D}.Release|Any CPU.ActiveCfg = Release|Any CPU
		{217D4FBF-43C3-4D22-99C8-1EBCD56B492D}.Release|Any CPU.Build.0 = Release|Any CPU
	EndGlobalSection
	GlobalSection(SolutionProperties) = preSolution
		HideSolutionNode = FALSE
	EndGlobalSection
	GlobalSection(ExtensibilityGlobals) = postSolution
		SolutionGuid = {F538DE59-E6D0-460D-B873-5EA88C4E0B0F}
	EndGlobalSection
EndGlobal
