
Microsoft Visual Studio Solution File, Format Version 12.00
# Visual Studio Version 17
VisualStudioVersion = 17.9.34622.214
MinimumVisualStudioVersion = 10.0.40219.1
Project("{FAE04EC0-301F-11D3-BF4B-00C04F79EFBC}") = "LibraryApp", "LibraryApp\LibraryApp.csproj", "{4E719F91-78A6-47CE-99FC-97BB316C239D}"
EndProject
Global
	GlobalSection(SolutionConfigurationPlatforms) = preSolution
		Debug|Any CPU = Debug|Any CPU
		Release|Any CPU = Release|Any CPU
	EndGlobalSection
	GlobalSection(ProjectConfigurationPlatforms) = postSolution
		{4E719F91-78A6-47CE-99FC-97BB316C239D}.Debug|Any CPU.ActiveCfg = Debug|Any CPU
		{4E719F91-78A6-47CE-99FC-97BB316C239D}.Debug|Any CPU.Build.0 = Debug|Any CPU
		{4E719F91-78A6-47CE-99FC-97BB316C239D}.Release|Any CPU.ActiveCfg = Release|Any CPU
		{4E719F91-78A6-47CE-99FC-97BB316C239D}.Release|Any CPU.Build.0 = Release|Any CPU
	EndGlobalSection
	GlobalSection(SolutionProperties) = preSolution
		HideSolutionNode = FALSE
	EndGlobalSection
	GlobalSection(ExtensibilityGlobals) = postSolution
		SolutionGuid = {9BDBC928-74CE-46B0-A27C-9C1394BC63F5}
	EndGlobalSection
EndGlobal
